
Microsoft Visual Studio Solution File, Format Version 12.00
# Visual Studio Version 16
VisualStudioVersion = 16.0.33328.57
MinimumVisualStudioVersion = 10.0.40219.1
Project("{FAE04EC0-301F-11D3-BF4B-00C04F79EFBC}") = "ConsoleApp1", "ConsoleApp1\ConsoleApp1.csproj", "{AB76C8A5-0AF8-4488-910D-CAB7AEBFFCB8}"
EndProject
Global
	GlobalSection(SolutionConfigurationPlatforms) = preSolution
		Debug|Any CPU = Debug|Any CPU
		Release|Any CPU = Release|Any CPU
	EndGlobalSection
	GlobalSection(ProjectConfigurationPlatforms) = postSolution
		{AB76C8A5-0AF8-4488-910D-CAB7AEBFFCB8}.Debug|Any CPU.ActiveCfg = Debug|Any CPU
		{AB76C8A5-0AF8-4488-910D-CAB7AEBFFCB8}.Debug|Any CPU.Build.0 = Debug|Any CPU
		{AB76C8A5-0AF8-4488-910D-CAB7AEBFFCB8}.Release|Any CPU.ActiveCfg = Release|Any CPU
		{AB76C8A5-0AF8-4488-910D-CAB7AEBFFCB8}.Release|Any CPU.Build.0 = Release|Any CPU
	EndGlobalSection
	GlobalSection(SolutionProperties) = preSolution
		HideSolutionNode = FALSE
	EndGlobalSection
	GlobalSection(ExtensibilityGlobals) = postSolution
		SolutionGuid = {49096AC5-4AFD-4B74-A297-83E41C905066}
	EndGlobalSection
EndGlobal
